
Microsoft Visual Studio Solution File, Format Version 12.00
# Visual Studio 2012
Project("{8BC9CEB8-8B4A-11D0-8D11-00A0C91BC942}") = "neuronet_optimisation", "neuronet_optimisation.vcxproj", "{35ADD80E-671F-4824-8B1B-25B2495F27AE}"
EndProject
Global
	GlobalSection(SolutionConfigurationPlatforms) = preSolution
		Debug|Win32 = Debug|Win32
		Release|Win32 = Release|Win32
	EndGlobalSection
	GlobalSection(ProjectConfigurationPlatforms) = postSolution
		{35ADD80E-671F-4824-8B1B-25B2495F27AE}.Debug|Win32.ActiveCfg = Debug|Win32
		{35ADD80E-671F-4824-8B1B-25B2495F27AE}.Debug|Win32.Build.0 = Debug|Win32
		{35ADD80E-671F-4824-8B1B-25B2495F27AE}.Release|Win32.ActiveCfg = Release|Win32
		{35ADD80E-671F-4824-8B1B-25B2495F27AE}.Release|Win32.Build.0 = Release|Win32
	EndGlobalSection
	GlobalSection(SolutionProperties) = preSolution
		HideSolutionNode = FALSE
	EndGlobalSection
EndGlobal
